
Microsoft Visual Studio Solution File, Format Version 12.00
# Visual Studio Version 16
VisualStudioVersion = 16.0.30907.101
MinimumVisualStudioVersion = 10.0.40219.1
Project("{8BC9CEB8-8B4A-11D0-8D11-00A0C91BC942}") = "TestCpu", "TestCpu.vcxproj", "{4F84B756-87F5-4B92-827B-DA087DAE1900}"
EndProject
Global
	GlobalSection(SolutionConfigurationPlatforms) = preSolution
		Debug|x64 = Debug|x64
		Debug|x86 = Debug|x86
		Release|x64 = Release|x64
		Release|x86 = Release|x86
	EndGlobalSection
	GlobalSection(ProjectConfigurationPlatforms) = postSolution
		{4F84B756-87F5-4B92-827B-DA087DAE1900}.Debug|x64.ActiveCfg = Debug|x64
		{4F84B756-87F5-4B92-827B-DA087DAE1900}.Debug|x64.Build.0 = Debug|x64
		{4F84B756-87F5-4B92-827B-DA087DAE1900}.Debug|x86.ActiveCfg = Debug|Win32
		{4F84B756-87F5-4B92-827B-DA087DAE1900}.Debug|x86.Build.0 = Debug|Win32
		{4F84B756-87F5-4B92-827B-DA087DAE1900}.Release|x64.ActiveCfg = Release|x64
		{4F84B756-87F5-4B92-827B-DA087DAE1900}.Release|x64.Build.0 = Release|x64
		{4F84B756-87F5-4B92-827B-DA087DAE1900}.Release|x86.ActiveCfg = Release|Win32
		{4F84B756-87F5-4B92-827B-DA087DAE1900}.Release|x86.Build.0 = Release|Win32
	EndGlobalSection
	GlobalSection(SolutionProperties) = preSolution
		HideSolutionNode = FALSE
	EndGlobalSection
	GlobalSection(ExtensibilityGlobals) = postSolution
		SolutionGuid = {067FB780-37B8-465E-AD7E-E7B238B9C04F}
	EndGlobalSection
EndGlobal
